{
  "requires": true,
  "lockfileVersion": 1,
  "dependencies": {
    "filepond-plugin-file-validate-type": {
      "version": "1.2.4",
      "resolved": "https://registry.npmjs.org/filepond-plugin-file-validate-type/-/filepond-plugin-file-validate-type-1.2.4.tgz",
      "integrity": "sha512-K1qD8mfahJoz2zRlWWvYoHuy4k/8tHggsoGbm/blpTp63OyahOdJBzMN3VK7USYn5OZ58uOFdMTMyi8ibFpW/Q=="
    }
  }
}
