# THIS IS AN AUTOGENERATED FILE. DO NOT EDIT THIS FILE DIRECTLY.
# yarn lockfile v1


filepond-plugin-file-validate-type@^1.2.4:
  version "1.2.4"
  resolved "https://registry.yarnpkg.com/filepond-plugin-file-validate-type/-/filepond-plugin-file-validate-type-1.2.4.tgz#ce7f5f469dbc7ce0da12fdef7b0f24e4c263c410"
  integrity sha512-K1qD8mfahJoz2zRlWWvYoHuy4k/8tHggsoGbm/blpTp63OyahOdJBzMN3VK7USYn5OZ58uOFdMTMyi8ibFpW/Q==
